
Microsoft Visual Studio Solution File, Format Version 12.00
# Visual Studio Version 17
VisualStudioVersion = 17.6.33723.286
MinimumVisualStudioVersion = 10.0.40219.1
Project("{8BC9CEB8-8B4A-11D0-8D11-00A0C91BC942}") = "032_TryCatch", "032_TryCatch.vcxproj", "{BD1FEA72-60F9-46D7-93D6-B9E8E20676CD}"
EndProject
Global
	GlobalSection(SolutionConfigurationPlatforms) = preSolution
		Debug|x64 = Debug|x64
		Debug|x86 = Debug|x86
		Release|x64 = Release|x64
		Release|x86 = Release|x86
	EndGlobalSection
	GlobalSection(ProjectConfigurationPlatforms) = postSolution
		{BD1FEA72-60F9-46D7-93D6-B9E8E20676CD}.Debug|x64.ActiveCfg = Debug|x64
		{BD1FEA72-60F9-46D7-93D6-B9E8E20676CD}.Debug|x64.Build.0 = Debug|x64
		{BD1FEA72-60F9-46D7-93D6-B9E8E20676CD}.Debug|x86.ActiveCfg = Debug|Win32
		{BD1FEA72-60F9-46D7-93D6-B9E8E20676CD}.Debug|x86.Build.0 = Debug|Win32
		{BD1FEA72-60F9-46D7-93D6-B9E8E20676CD}.Release|x64.ActiveCfg = Release|x64
		{BD1FEA72-60F9-46D7-93D6-B9E8E20676CD}.Release|x64.Build.0 = Release|x64
		{BD1FEA72-60F9-46D7-93D6-B9E8E20676CD}.Release|x86.ActiveCfg = Release|Win32
		{BD1FEA72-60F9-46D7-93D6-B9E8E20676CD}.Release|x86.Build.0 = Release|Win32
	EndGlobalSection
	GlobalSection(SolutionProperties) = preSolution
		HideSolutionNode = FALSE
	EndGlobalSection
	GlobalSection(ExtensibilityGlobals) = postSolution
		SolutionGuid = {DAFF206C-3109-44FC-A9A3-BA879877396F}
	EndGlobalSection
EndGlobal
