
Microsoft Visual Studio Solution File, Format Version 12.00
# Visual Studio Version 17
VisualStudioVersion = 17.6.33723.286
MinimumVisualStudioVersion = 10.0.40219.1
Project("{8BC9CEB8-8B4A-11D0-8D11-00A0C91BC942}") = "027_this", "027_this.vcxproj", "{4FFC63E8-CD7F-411C-959F-F3D33DFD9686}"
EndProject
Global
	GlobalSection(SolutionConfigurationPlatforms) = preSolution
		Debug|x64 = Debug|x64
		Debug|x86 = Debug|x86
		Release|x64 = Release|x64
		Release|x86 = Release|x86
	EndGlobalSection
	GlobalSection(ProjectConfigurationPlatforms) = postSolution
		{4FFC63E8-CD7F-411C-959F-F3D33DFD9686}.Debug|x64.ActiveCfg = Debug|x64
		{4FFC63E8-CD7F-411C-959F-F3D33DFD9686}.Debug|x64.Build.0 = Debug|x64
		{4FFC63E8-CD7F-411C-959F-F3D33DFD9686}.Debug|x86.ActiveCfg = Debug|Win32
		{4FFC63E8-CD7F-411C-959F-F3D33DFD9686}.Debug|x86.Build.0 = Debug|Win32
		{4FFC63E8-CD7F-411C-959F-F3D33DFD9686}.Release|x64.ActiveCfg = Release|x64
		{4FFC63E8-CD7F-411C-959F-F3D33DFD9686}.Release|x64.Build.0 = Release|x64
		{4FFC63E8-CD7F-411C-959F-F3D33DFD9686}.Release|x86.ActiveCfg = Release|Win32
		{4FFC63E8-CD7F-411C-959F-F3D33DFD9686}.Release|x86.Build.0 = Release|Win32
	EndGlobalSection
	GlobalSection(SolutionProperties) = preSolution
		HideSolutionNode = FALSE
	EndGlobalSection
	GlobalSection(ExtensibilityGlobals) = postSolution
		SolutionGuid = {EBF28C18-776A-42BC-B452-28CFC446B87C}
	EndGlobalSection
EndGlobal
